// !$*UTF8*$!
{
	archiveVersion = 1;
	classes = {
	};
	objectVersion = 50;
	objects = {

/* Begin PBXBuildFile section */
		00E13B3ADEBC6627FC51AC73 /* Pods_SwivlGithubClient.framework in Frameworks */ = {isa = PBXBuildFile; fileRef = CFBE65BC6F49F42016D2E07D /* Pods_SwivlGithubClient.framework */; };
		FA20874E213734B60056F52E /* UserViewModel.swift in Sources */ = {isa = PBXBuildFile; fileRef = FA20874D213734B60056F52E /* UserViewModel.swift */; };
		FA208750213734D60056F52E /* UsersSectionViewModel.swift in Sources */ = {isa = PBXBuildFile; fileRef = FA20874F213734D60056F52E /* UsersSectionViewModel.swift */; };
		FA867B552136C4CF008470E8 /* AppDelegate.swift in Sources */ = {isa = PBXBuildFile; fileRef = FA867B542136C4CF008470E8 /* AppDelegate.swift */; };
		FA867B5C2136C4D0008470E8 /* Assets.xcassets in Resources */ = {isa = PBXBuildFile; fileRef = FA867B5B2136C4D0008470E8 /* Assets.xcassets */; };
		FA867B5F2136C4D0008470E8 /* LaunchScreen.storyboard in Resources */ = {isa = PBXBuildFile; fileRef = FA867B5D2136C4D0008470E8 /* LaunchScreen.storyboard */; };
		FA867B6A2136C4D0008470E8 /* SwivlGithubClientTests.swift in Sources */ = {isa = PBXBuildFile; fileRef = FA867B692136C4D0008470E8 /* SwivlGithubClientTests.swift */; };
		FA867B752136C5CB008470E8 /* UsersViewController.swift in Sources */ = {isa = PBXBuildFile; fileRef = FA867B742136C5CB008470E8 /* UsersViewController.swift */; };
		FA867B7C2136C874008470E8 /* User.swift in Sources */ = {isa = PBXBuildFile; fileRef = FA867B7B2136C874008470E8 /* User.swift */; };
		FA867B842136D287008470E8 /* GithubAPI.swift in Sources */ = {isa = PBXBuildFile; fileRef = FA867B832136D287008470E8 /* GithubAPI.swift */; };
		FA867B882136D7C3008470E8 /* SearchDescriptor.swift in Sources */ = {isa = PBXBuildFile; fileRef = FA867B872136D7C3008470E8 /* SearchDescriptor.swift */; };
		FA867B8A2136DBD6008470E8 /* UserService.swift in Sources */ = {isa = PBXBuildFile; fileRef = FA867B892136DBD6008470E8 /* UserService.swift */; };
		FA867B8D2136E16E008470E8 /* UsersResponse.swift in Sources */ = {isa = PBXBuildFile; fileRef = FA867B8C2136E16E008470E8 /* UsersResponse.swift */; };
		FA867B8F21370FAC008470E8 /* UsersViewController.xib in Resources */ = {isa = PBXBuildFile; fileRef = FA867B8E21370FAC008470E8 /* UsersViewController.xib */; };
		FA867B922137136E008470E8 /* UsersViewModel.swift in Sources */ = {isa = PBXBuildFile; fileRef = FA867B912137136E008470E8 /* UsersViewModel.swift */; };
		FA867B9521371FD1008470E8 /* UsersSectionController.swift in Sources */ = {isa = PBXBuildFile; fileRef = FA867B9421371FD1008470E8 /* UsersSectionController.swift */; };
		FA867B9921372336008470E8 /* UserCollectionViewCell.swift in Sources */ = {isa = PBXBuildFile; fileRef = FA867B9821372336008470E8 /* UserCollectionViewCell.swift */; };
		FA867B9B21372345008470E8 /* UserCollectionViewCell.xib in Resources */ = {isa = PBXBuildFile; fileRef = FA867B9A21372345008470E8 /* UserCollectionViewCell.xib */; };
		FAB06D822137B70C008B0112 /* UIView+Nib.swift in Sources */ = {isa = PBXBuildFile; fileRef = FAB06D812137B70C008B0112 /* UIView+Nib.swift */; };
		FAB06D862137C043008B0112 /* FollowersViewController.swift in Sources */ = {isa = PBXBuildFile; fileRef = FAB06D852137C043008B0112 /* FollowersViewController.swift */; };
		FAB06D882137C054008B0112 /* FollowersViewController.xib in Resources */ = {isa = PBXBuildFile; fileRef = FAB06D872137C054008B0112 /* FollowersViewController.xib */; };
		FAB06D8A2137CA84008B0112 /* FollowersViewModel.swift in Sources */ = {isa = PBXBuildFile; fileRef = FAB06D892137CA84008B0112 /* FollowersViewModel.swift */; };
		FAB06D8C2137CB4E008B0112 /* UserSectionViewModel.swift in Sources */ = {isa = PBXBuildFile; fileRef = FAB06D8B2137CB4E008B0112 /* UserSectionViewModel.swift */; };
		FAB06D8F2137CDF8008B0112 /* ShortProfileSectionController.swift in Sources */ = {isa = PBXBuildFile; fileRef = FAB06D8E2137CDF8008B0112 /* ShortProfileSectionController.swift */; };
		FAB06D932137CEDF008B0112 /* ShortProfileCollectionViewCell.swift in Sources */ = {isa = PBXBuildFile; fileRef = FAB06D922137CEDF008B0112 /* ShortProfileCollectionViewCell.swift */; };
		FAB06D952137CEED008B0112 /* ShortProfileCollectionViewCell.xib in Resources */ = {isa = PBXBuildFile; fileRef = FAB06D942137CEED008B0112 /* ShortProfileCollectionViewCell.xib */; };
		FAB06D972137D84C008B0112 /* PageDescriptor.swift in Sources */ = {isa = PBXBuildFile; fileRef = FAB06D962137D84C008B0112 /* PageDescriptor.swift */; };
/* End PBXBuildFile section */

/* Begin PBXContainerItemProxy section */
		FA867B662136C4D0008470E8 /* PBXContainerItemProxy */ = {
			isa = PBXContainerItemProxy;
			containerPortal = FA867B492136C4CE008470E8 /* Project object */;
			proxyType = 1;
			remoteGlobalIDString = FA867B502136C4CF008470E8;
			remoteInfo = SwivlGithubClient;
		};
/* End PBXContainerItemProxy section */

/* Begin PBXFileReference section */
		506199091D3C392617934293 /* Pods-SwivlGithubClient.debug.xcconfig */ = {isa = PBXFileReference; includeInIndex = 1; lastKnownFileType = text.xcconfig; name = "Pods-SwivlGithubClient.debug.xcconfig"; path = "Pods/Target Support Files/Pods-SwivlGithubClient/Pods-SwivlGithubClient.debug.xcconfig"; sourceTree = "<group>"; };
		CFBE65BC6F49F42016D2E07D /* Pods_SwivlGithubClient.framework */ = {isa = PBXFileReference; explicitFileType = wrapper.framework; includeInIndex = 0; path = Pods_SwivlGithubClient.framework; sourceTree = BUILT_PRODUCTS_DIR; };
		D139048A6959423DF5CC97E5 /* Pods-SwivlGithubClient.release.xcconfig */ = {isa = PBXFileReference; includeInIndex = 1; lastKnownFileType = text.xcconfig; name = "Pods-SwivlGithubClient.release.xcconfig"; path = "Pods/Target Support Files/Pods-SwivlGithubClient/Pods-SwivlGithubClient.release.xcconfig"; sourceTree = "<group>"; };
		FA20874D213734B60056F52E /* UserViewModel.swift */ = {isa = PBXFileReference; lastKnownFileType = sourcecode.swift; path = UserViewModel.swift; sourceTree = "<group>"; };
		FA20874F213734D60056F52E /* UsersSectionViewModel.swift */ = {isa = PBXFileReference; lastKnownFileType = sourcecode.swift; path = UsersSectionViewModel.swift; sourceTree = "<group>"; };
		FA867B512136C4CF008470E8 /* SwivlGithubClient.app */ = {isa = PBXFileReference; explicitFileType = wrapper.application; includeInIndex = 0; path = SwivlGithubClient.app; sourceTree = BUILT_PRODUCTS_DIR; };
		FA867B542136C4CF008470E8 /* AppDelegate.swift */ = {isa = PBXFileReference; lastKnownFileType = sourcecode.swift; path = AppDelegate.swift; sourceTree = "<group>"; };
		FA867B5B2136C4D0008470E8 /* Assets.xcassets */ = {isa = PBXFileReference; lastKnownFileType = folder.assetcatalog; path = Assets.xcassets; sourceTree = "<group>"; };
		FA867B5E2136C4D0008470E8 /* Base */ = {isa = PBXFileReference; lastKnownFileType = file.storyboard; name = Base; path = Base.lproj/LaunchScreen.storyboard; sourceTree = "<group>"; };
		FA867B602136C4D0008470E8 /* Info.plist */ = {isa = PBXFileReference; lastKnownFileType = text.plist.xml; path = Info.plist; sourceTree = "<group>"; };
		FA867B652136C4D0008470E8 /* SwivlGithubClientTests.xctest */ = {isa = PBXFileReference; explicitFileType = wrapper.cfbundle; includeInIndex = 0; path = SwivlGithubClientTests.xctest; sourceTree = BUILT_PRODUCTS_DIR; };
		FA867B692136C4D0008470E8 /* SwivlGithubClientTests.swift */ = {isa = PBXFileReference; lastKnownFileType = sourcecode.swift; path = SwivlGithubClientTests.swift; sourceTree = "<group>"; };
		FA867B6B2136C4D0008470E8 /* Info.plist */ = {isa = PBXFileReference; lastKnownFileType = text.plist.xml; path = Info.plist; sourceTree = "<group>"; };
		FA867B742136C5CB008470E8 /* UsersViewController.swift */ = {isa = PBXFileReference; lastKnownFileType = sourcecode.swift; path = UsersViewController.swift; sourceTree = "<group>"; };
		FA867B7B2136C874008470E8 /* User.swift */ = {isa = PBXFileReference; lastKnownFileType = sourcecode.swift; path = User.swift; sourceTree = "<group>"; };
		FA867B832136D287008470E8 /* GithubAPI.swift */ = {isa = PBXFileReference; lastKnownFileType = sourcecode.swift; path = GithubAPI.swift; sourceTree = "<group>"; };
		FA867B872136D7C3008470E8 /* SearchDescriptor.swift */ = {isa = PBXFileReference; lastKnownFileType = sourcecode.swift; path = SearchDescriptor.swift; sourceTree = "<group>"; };
		FA867B892136DBD6008470E8 /* UserService.swift */ = {isa = PBXFileReference; lastKnownFileType = sourcecode.swift; path = UserService.swift; sourceTree = "<group>"; };
		FA867B8C2136E16E008470E8 /* UsersResponse.swift */ = {isa = PBXFileReference; lastKnownFileType = sourcecode.swift; path = UsersResponse.swift; sourceTree = "<group>"; };
		FA867B8E21370FAC008470E8 /* UsersViewController.xib */ = {isa = PBXFileReference; lastKnownFileType = file.xib; path = UsersViewController.xib; sourceTree = "<group>"; };
		FA867B912137136E008470E8 /* UsersViewModel.swift */ = {isa = PBXFileReference; lastKnownFileType = sourcecode.swift; path = UsersViewModel.swift; sourceTree = "<group>"; };
		FA867B9421371FD1008470E8 /* UsersSectionController.swift */ = {isa = PBXFileReference; lastKnownFileType = sourcecode.swift; path = UsersSectionController.swift; sourceTree = "<group>"; };
		FA867B9821372336008470E8 /* UserCollectionViewCell.swift */ = {isa = PBXFileReference; lastKnownFileType = sourcecode.swift; path = UserCollectionViewCell.swift; sourceTree = "<group>"; };
		FA867B9A21372345008470E8 /* UserCollectionViewCell.xib */ = {isa = PBXFileReference; lastKnownFileType = file.xib; path = UserCollectionViewCell.xib; sourceTree = "<group>"; };
		FAB06D812137B70C008B0112 /* UIView+Nib.swift */ = {isa = PBXFileReference; lastKnownFileType = sourcecode.swift; path = "UIView+Nib.swift"; sourceTree = "<group>"; };
		FAB06D852137C043008B0112 /* FollowersViewController.swift */ = {isa = PBXFileReference; lastKnownFileType = sourcecode.swift; path = FollowersViewController.swift; sourceTree = "<group>"; };
		FAB06D872137C054008B0112 /* FollowersViewController.xib */ = {isa = PBXFileReference; lastKnownFileType = file.xib; path = FollowersViewController.xib; sourceTree = "<group>"; };
		FAB06D892137CA84008B0112 /* FollowersViewModel.swift */ = {isa = PBXFileReference; lastKnownFileType = sourcecode.swift; path = FollowersViewModel.swift; sourceTree = "<group>"; };
		FAB06D8B2137CB4E008B0112 /* UserSectionViewModel.swift */ = {isa = PBXFileReference; lastKnownFileType = sourcecode.swift; path = UserSectionViewModel.swift; sourceTree = "<group>"; };
		FAB06D8E2137CDF8008B0112 /* ShortProfileSectionController.swift */ = {isa = PBXFileReference; lastKnownFileType = sourcecode.swift; path = ShortProfileSectionController.swift; sourceTree = "<group>"; };
		FAB06D922137CEDF008B0112 /* ShortProfileCollectionViewCell.swift */ = {isa = PBXFileReference; lastKnownFileType = sourcecode.swift; path = ShortProfileCollectionViewCell.swift; sourceTree = "<group>"; };
		FAB06D942137CEED008B0112 /* ShortProfileCollectionViewCell.xib */ = {isa = PBXFileReference; lastKnownFileType = file.xib; path = ShortProfileCollectionViewCell.xib; sourceTree = "<group>"; };
		FAB06D962137D84C008B0112 /* PageDescriptor.swift */ = {isa = PBXFileReference; lastKnownFileType = sourcecode.swift; path = PageDescriptor.swift; sourceTree = "<group>"; };
/* End PBXFileReference section */

/* Begin PBXFrameworksBuildPhase section */
		FA867B4E2136C4CF008470E8 /* Frameworks */ = {
			isa = PBXFrameworksBuildPhase;
			buildActionMask = 2147483647;
			files = (
				00E13B3ADEBC6627FC51AC73 /* Pods_SwivlGithubClient.framework in Frameworks */,
			);
			runOnlyForDeploymentPostprocessing = 0;
		};
		FA867B622136C4D0008470E8 /* Frameworks */ = {
			isa = PBXFrameworksBuildPhase;
			buildActionMask = 2147483647;
			files = (
			);
			runOnlyForDeploymentPostprocessing = 0;
		};
/* End PBXFrameworksBuildPhase section */

/* Begin PBXGroup section */
		759FB426B08769AA18FB8BAF /* Pods */ = {
			isa = PBXGroup;
			children = (
				506199091D3C392617934293 /* Pods-SwivlGithubClient.debug.xcconfig */,
				D139048A6959423DF5CC97E5 /* Pods-SwivlGithubClient.release.xcconfig */,
			);
			name = Pods;
			sourceTree = "<group>";
		};
		BAA766DDDC002F7BBE50C5BC /* Frameworks */ = {
			isa = PBXGroup;
			children = (
				CFBE65BC6F49F42016D2E07D /* Pods_SwivlGithubClient.framework */,
			);
			name = Frameworks;
			sourceTree = "<group>";
		};
		FA20874C213734A10056F52E /* ViewModels */ = {
			isa = PBXGroup;
			children = (
				FA867B912137136E008470E8 /* UsersViewModel.swift */,
				FA20874D213734B60056F52E /* UserViewModel.swift */,
				FA20874F213734D60056F52E /* UsersSectionViewModel.swift */,
			);
			path = ViewModels;
			sourceTree = "<group>";
		};
		FA867B482136C4CE008470E8 = {
			isa = PBXGroup;
			children = (
				FA867B532136C4CF008470E8 /* SwivlGithubClient */,
				FA867B682136C4D0008470E8 /* SwivlGithubClientTests */,
				FA867B522136C4CF008470E8 /* Products */,
				759FB426B08769AA18FB8BAF /* Pods */,
				BAA766DDDC002F7BBE50C5BC /* Frameworks */,
			);
			sourceTree = "<group>";
		};
		FA867B522136C4CF008470E8 /* Products */ = {
			isa = PBXGroup;
			children = (
				FA867B512136C4CF008470E8 /* SwivlGithubClient.app */,
				FA867B652136C4D0008470E8 /* SwivlGithubClientTests.xctest */,
			);
			name = Products;
			sourceTree = "<group>";
		};
		FA867B532136C4CF008470E8 /* SwivlGithubClient */ = {
			isa = PBXGroup;
			children = (
				FAB06D802137B6EE008B0112 /* Extensions */,
				FA867B9621372300008470E8 /* Views */,
				FA867B7E2136D206008470E8 /* Network */,
				FA867B7D2136D1F8008470E8 /* Services */,
				FA867B7A2136C850008470E8 /* Entities */,
				FA867B792136C665008470E8 /* Resources */,
				FA867B762136C62C008470E8 /* Scenes */,
				FA867B542136C4CF008470E8 /* AppDelegate.swift */,
			);
			path = SwivlGithubClient;
			sourceTree = "<group>";
		};
		FA867B682136C4D0008470E8 /* SwivlGithubClientTests */ = {
			isa = PBXGroup;
			children = (
				FA867B692136C4D0008470E8 /* SwivlGithubClientTests.swift */,
				FA867B6B2136C4D0008470E8 /* Info.plist */,
			);
			path = SwivlGithubClientTests;
			sourceTree = "<group>";
		};
		FA867B762136C62C008470E8 /* Scenes */ = {
			isa = PBXGroup;
			children = (
				FA867B782136C648008470E8 /* Followers */,
				FA867B772136C63E008470E8 /* Users */,
			);
			path = Scenes;
			sourceTree = "<group>";
		};
		FA867B772136C63E008470E8 /* Users */ = {
			isa = PBXGroup;
			children = (
				FA20874C213734A10056F52E /* ViewModels */,
				FA867B9321371FBC008470E8 /* SectionControllers */,
				FA867B902137134C008470E8 /* ViewController */,
			);
			path = Users;
			sourceTree = "<group>";
		};
		FA867B782136C648008470E8 /* Followers */ = {
			isa = PBXGroup;
			children = (
				FAB06D8D2137CDCF008B0112 /* SectionControllers */,
				FAB06D842137C02D008B0112 /* ViewModels */,
				FAB06D832137C023008B0112 /* ViewController */,
			);
			path = Followers;
			sourceTree = "<group>";
		};
		FA867B792136C665008470E8 /* Resources */ = {
			isa = PBXGroup;
			children = (
				FA867B602136C4D0008470E8 /* Info.plist */,
				FA867B5D2136C4D0008470E8 /* LaunchScreen.storyboard */,
				FA867B5B2136C4D0008470E8 /* Assets.xcassets */,
			);
			path = Resources;
			sourceTree = "<group>";
		};
		FA867B7A2136C850008470E8 /* Entities */ = {
			isa = PBXGroup;
			children = (
				FA867B7B2136C874008470E8 /* User.swift */,
			);
			path = Entities;
			sourceTree = "<group>";
		};
		FA867B7D2136D1F8008470E8 /* Services */ = {
			isa = PBXGroup;
			children = (
				FA867B892136DBD6008470E8 /* UserService.swift */,
			);
			path = Services;
			sourceTree = "<group>";
		};
		FA867B7E2136D206008470E8 /* Network */ = {
			isa = PBXGroup;
			children = (
				FA867B8B2136E11D008470E8 /* ResponseModels */,
				FA867B862136D7A4008470E8 /* Models */,
				FA867B822136D277008470E8 /* API */,
			);
			path = Network;
			sourceTree = "<group>";
		};
		FA867B822136D277008470E8 /* API */ = {
			isa = PBXGroup;
			children = (
				FA867B832136D287008470E8 /* GithubAPI.swift */,
			);
			path = API;
			sourceTree = "<group>";
		};
		FA867B862136D7A4008470E8 /* Models */ = {
			isa = PBXGroup;
			children = (
				FA867B872136D7C3008470E8 /* SearchDescriptor.swift */,
				FAB06D962137D84C008B0112 /* PageDescriptor.swift */,
			);
			path = Models;
			sourceTree = "<group>";
		};
		FA867B8B2136E11D008470E8 /* ResponseModels */ = {
			isa = PBXGroup;
			children = (
				FA867B8C2136E16E008470E8 /* UsersResponse.swift */,
			);
			path = ResponseModels;
			sourceTree = "<group>";
		};
		FA867B902137134C008470E8 /* ViewController */ = {
			isa = PBXGroup;
			children = (
				FA867B742136C5CB008470E8 /* UsersViewController.swift */,
				FA867B8E21370FAC008470E8 /* UsersViewController.xib */,
			);
			path = ViewController;
			sourceTree = "<group>";
		};
		FA867B9321371FBC008470E8 /* SectionControllers */ = {
			isa = PBXGroup;
			children = (
				FA867B9421371FD1008470E8 /* UsersSectionController.swift */,
			);
			path = SectionControllers;
			sourceTree = "<group>";
		};
		FA867B9621372300008470E8 /* Views */ = {
			isa = PBXGroup;
			children = (
				FA867B972137230F008470E8 /* CollectionViewsCells */,
			);
			path = Views;
			sourceTree = "<group>";
		};
		FA867B972137230F008470E8 /* CollectionViewsCells */ = {
			isa = PBXGroup;
			children = (
				FAB06D912137CEBC008B0112 /* ShortProfile */,
				FAB06D902137CEAB008B0112 /* User */,
			);
			path = CollectionViewsCells;
			sourceTree = "<group>";
		};
		FAB06D802137B6EE008B0112 /* Extensions */ = {
			isa = PBXGroup;
			children = (
				FAB06D812137B70C008B0112 /* UIView+Nib.swift */,
			);
			path = Extensions;
			sourceTree = "<group>";
		};
		FAB06D832137C023008B0112 /* ViewController */ = {
			isa = PBXGroup;
			children = (
				FAB06D852137C043008B0112 /* FollowersViewController.swift */,
				FAB06D872137C054008B0112 /* FollowersViewController.xib */,
			);
			path = ViewController;
			sourceTree = "<group>";
		};
		FAB06D842137C02D008B0112 /* ViewModels */ = {
			isa = PBXGroup;
			children = (
				FAB06D892137CA84008B0112 /* FollowersViewModel.swift */,
				FAB06D8B2137CB4E008B0112 /* UserSectionViewModel.swift */,
			);
			path = ViewModels;
			sourceTree = "<group>";
		};
		FAB06D8D2137CDCF008B0112 /* SectionControllers */ = {
			isa = PBXGroup;
			children = (
				FAB06D8E2137CDF8008B0112 /* ShortProfileSectionController.swift */,
			);
			path = SectionControllers;
			sourceTree = "<group>";
		};
		FAB06D902137CEAB008B0112 /* User */ = {
			isa = PBXGroup;
			children = (
				FA867B9821372336008470E8 /* UserCollectionViewCell.swift */,
				FA867B9A21372345008470E8 /* UserCollectionViewCell.xib */,
			);
			path = User;
			sourceTree = "<group>";
		};
		FAB06D912137CEBC008B0112 /* ShortProfile */ = {
			isa = PBXGroup;
			children = (
				FAB06D922137CEDF008B0112 /* ShortProfileCollectionViewCell.swift */,
				FAB06D942137CEED008B0112 /* ShortProfileCollectionViewCell.xib */,
			);
			path = ShortProfile;
			sourceTree = "<group>";
		};
/* End PBXGroup section */

/* Begin PBXNativeTarget section */
		FA867B502136C4CF008470E8 /* SwivlGithubClient */ = {
			isa = PBXNativeTarget;
			buildConfigurationList = FA867B6E2136C4D0008470E8 /* Build configuration list for PBXNativeTarget "SwivlGithubClient" */;
			buildPhases = (
				F70C1C8BD84325C9FB2DEF96 /* [CP] Check Pods Manifest.lock */,
				FA867B4D2136C4CF008470E8 /* Sources */,
				FA867B4E2136C4CF008470E8 /* Frameworks */,
				FA867B4F2136C4CF008470E8 /* Resources */,
				92F7E5D77E13CD117CEF64D8 /* [CP] Embed Pods Frameworks */,
			);
			buildRules = (
			);
			dependencies = (
			);
			name = SwivlGithubClient;
			productName = SwivlGithubClient;
			productReference = FA867B512136C4CF008470E8 /* SwivlGithubClient.app */;
			productType = "com.apple.product-type.application";
		};
		FA867B642136C4D0008470E8 /* SwivlGithubClientTests */ = {
			isa = PBXNativeTarget;
			buildConfigurationList = FA867B712136C4D0008470E8 /* Build configuration list for PBXNativeTarget "SwivlGithubClientTests" */;
			buildPhases = (
				FA867B612136C4D0008470E8 /* Sources */,
				FA867B622136C4D0008470E8 /* Frameworks */,
				FA867B632136C4D0008470E8 /* Resources */,
			);
			buildRules = (
			);
			dependencies = (
				FA867B672136C4D0008470E8 /* PBXTargetDependency */,
			);
			name = SwivlGithubClientTests;
			productName = SwivlGithubClientTests;
			productReference = FA867B652136C4D0008470E8 /* SwivlGithubClientTests.xctest */;
			productType = "com.apple.product-type.bundle.unit-test";
		};
/* End PBXNativeTarget section */

/* Begin PBXProject section */
		FA867B492136C4CE008470E8 /* Project object */ = {
			isa = PBXProject;
			attributes = {
				LastSwiftUpdateCheck = 0940;
				LastUpgradeCheck = 0940;
				ORGANIZATIONNAME = "Vitalii Kraiovyi";
				TargetAttributes = {
					FA867B502136C4CF008470E8 = {
						CreatedOnToolsVersion = 9.4.1;
					};
					FA867B642136C4D0008470E8 = {
						CreatedOnToolsVersion = 9.4.1;
						TestTargetID = FA867B502136C4CF008470E8;
					};
				};
			};
			buildConfigurationList = FA867B4C2136C4CE008470E8 /* Build configuration list for PBXProject "SwivlGithubClient" */;
			compatibilityVersion = "Xcode 9.3";
			developmentRegion = en;
			hasScannedForEncodings = 0;
			knownRegions = (
				en,
				Base,
			);
			mainGroup = FA867B482136C4CE008470E8;
			productRefGroup = FA867B522136C4CF008470E8 /* Products */;
			projectDirPath = "";
			projectRoot = "";
			targets = (
				FA867B502136C4CF008470E8 /* SwivlGithubClient */,
				FA867B642136C4D0008470E8 /* SwivlGithubClientTests */,
			);
		};
/* End PBXProject section */

/* Begin PBXResourcesBuildPhase section */
		FA867B4F2136C4CF008470E8 /* Resources */ = {
			isa = PBXResourcesBuildPhase;
			buildActionMask = 2147483647;
			files = (
				FA867B5F2136C4D0008470E8 /* LaunchScreen.storyboard in Resources */,
				FAB06D882137C054008B0112 /* FollowersViewController.xib in Resources */,
				FA867B9B21372345008470E8 /* UserCollectionViewCell.xib in Resources */,
				FAB06D952137CEED008B0112 /* ShortProfileCollectionViewCell.xib in Resources */,
				FA867B8F21370FAC008470E8 /* UsersViewController.xib in Resources */,
				FA867B5C2136C4D0008470E8 /* Assets.xcassets in Resources */,
			);
			runOnlyForDeploymentPostprocessing = 0;
		};
		FA867B632136C4D0008470E8 /* Resources */ = {
			isa = PBXResourcesBuildPhase;
			buildActionMask = 2147483647;
			files = (
			);
			runOnlyForDeploymentPostprocessing = 0;
		};
/* End PBXResourcesBuildPhase section */

/* Begin PBXShellScriptBuildPhase section */
		92F7E5D77E13CD117CEF64D8 /* [CP] Embed Pods Frameworks */ = {
			isa = PBXShellScriptBuildPhase;
			buildActionMask = 2147483647;
			files = (
			);
			inputPaths = (
				"${SRCROOT}/Pods/Target Support Files/Pods-SwivlGithubClient/Pods-SwivlGithubClient-frameworks.sh",
				"${BUILT_PRODUCTS_DIR}/Alamofire/Alamofire.framework",
				"${BUILT_PRODUCTS_DIR}/IGListKit/IGListKit.framework",
				"${BUILT_PRODUCTS_DIR}/Kingfisher/Kingfisher.framework",
				"${BUILT_PRODUCTS_DIR}/Moya/Moya.framework",
				"${BUILT_PRODUCTS_DIR}/Result/Result.framework",
				"${BUILT_PRODUCTS_DIR}/RxCocoa/RxCocoa.framework",
				"${BUILT_PRODUCTS_DIR}/RxSwift/RxSwift.framework",
			);
			name = "[CP] Embed Pods Frameworks";
			outputPaths = (
				"${TARGET_BUILD_DIR}/${FRAMEWORKS_FOLDER_PATH}/Alamofire.framework",
				"${TARGET_BUILD_DIR}/${FRAMEWORKS_FOLDER_PATH}/IGListKit.framework",
				"${TARGET_BUILD_DIR}/${FRAMEWORKS_FOLDER_PATH}/Kingfisher.framework",
				"${TARGET_BUILD_DIR}/${FRAMEWORKS_FOLDER_PATH}/Moya.framework",
				"${TARGET_BUILD_DIR}/${FRAMEWORKS_FOLDER_PATH}/Result.framework",
				"${TARGET_BUILD_DIR}/${FRAMEWORKS_FOLDER_PATH}/RxCocoa.framework",
				"${TARGET_BUILD_DIR}/${FRAMEWORKS_FOLDER_PATH}/RxSwift.framework",
			);
			runOnlyForDeploymentPostprocessing = 0;
			shellPath = /bin/sh;
			shellScript = "\"${SRCROOT}/Pods/Target Support Files/Pods-SwivlGithubClient/Pods-SwivlGithubClient-frameworks.sh\"\n";
			showEnvVarsInLog = 0;
		};
		F70C1C8BD84325C9FB2DEF96 /* [CP] Check Pods Manifest.lock */ = {
			isa = PBXShellScriptBuildPhase;
			buildActionMask = 2147483647;
			files = (
			);
			inputPaths = (
				"${PODS_PODFILE_DIR_PATH}/Podfile.lock",
				"${PODS_ROOT}/Manifest.lock",
			);
			name = "[CP] Check Pods Manifest.lock";
			outputPaths = (
				"$(DERIVED_FILE_DIR)/Pods-SwivlGithubClient-checkManifestLockResult.txt",
			);
			runOnlyForDeploymentPostprocessing = 0;
			shellPath = /bin/sh;
			shellScript = "diff \"${PODS_PODFILE_DIR_PATH}/Podfile.lock\" \"${PODS_ROOT}/Manifest.lock\" > /dev/null\nif [ $? != 0 ] ; then\n    # print error to STDERR\n    echo \"error: The sandbox is not in sync with the Podfile.lock. Run 'pod install' or update your CocoaPods installation.\" >&2\n    exit 1\nfi\n# This output is used by Xcode 'outputs' to avoid re-running this script phase.\necho \"SUCCESS\" > \"${SCRIPT_OUTPUT_FILE_0}\"\n";
			showEnvVarsInLog = 0;
		};
/* End PBXShellScriptBuildPhase section */

/* Begin PBXSourcesBuildPhase section */
		FA867B4D2136C4CF008470E8 /* Sources */ = {
			isa = PBXSourcesBuildPhase;
			buildActionMask = 2147483647;
			files = (
				FA867B752136C5CB008470E8 /* UsersViewController.swift in Sources */,
				FA208750213734D60056F52E /* UsersSectionViewModel.swift in Sources */,
				FAB06D862137C043008B0112 /* FollowersViewController.swift in Sources */,
				FA20874E213734B60056F52E /* UserViewModel.swift in Sources */,
				FAB06D8A2137CA84008B0112 /* FollowersViewModel.swift in Sources */,
				FAB06D8C2137CB4E008B0112 /* UserSectionViewModel.swift in Sources */,
				FA867B552136C4CF008470E8 /* AppDelegate.swift in Sources */,
				FA867B8A2136DBD6008470E8 /* UserService.swift in Sources */,
				FAB06D822137B70C008B0112 /* UIView+Nib.swift in Sources */,
				FAB06D8F2137CDF8008B0112 /* ShortProfileSectionController.swift in Sources */,
				FA867B7C2136C874008470E8 /* User.swift in Sources */,
				FA867B842136D287008470E8 /* GithubAPI.swift in Sources */,
				FA867B922137136E008470E8 /* UsersViewModel.swift in Sources */,
				FAB06D932137CEDF008B0112 /* ShortProfileCollectionViewCell.swift in Sources */,
				FA867B9521371FD1008470E8 /* UsersSectionController.swift in Sources */,
				FA867B8D2136E16E008470E8 /* UsersResponse.swift in Sources */,
				FAB06D972137D84C008B0112 /* PageDescriptor.swift in Sources */,
				FA867B882136D7C3008470E8 /* SearchDescriptor.swift in Sources */,
				FA867B9921372336008470E8 /* UserCollectionViewCell.swift in Sources */,
			);
			runOnlyForDeploymentPostprocessing = 0;
		};
		FA867B612136C4D0008470E8 /* Sources */ = {
			isa = PBXSourcesBuildPhase;
			buildActionMask = 2147483647;
			files = (
				FA867B6A2136C4D0008470E8 /* SwivlGithubClientTests.swift in Sources */,
			);
			runOnlyForDeploymentPostprocessing = 0;
		};
/* End PBXSourcesBuildPhase section */

/* Begin PBXTargetDependency section */
		FA867B672136C4D0008470E8 /* PBXTargetDependency */ = {
			isa = PBXTargetDependency;
			target = FA867B502136C4CF008470E8 /* SwivlGithubClient */;
			targetProxy = FA867B662136C4D0008470E8 /* PBXContainerItemProxy */;
		};
/* End PBXTargetDependency section */

/* Begin PBXVariantGroup section */
		FA867B5D2136C4D0008470E8 /* LaunchScreen.storyboard */ = {
			isa = PBXVariantGroup;
			children = (
				FA867B5E2136C4D0008470E8 /* Base */,
			);
			name = LaunchScreen.storyboard;
			sourceTree = "<group>";
		};
/* End PBXVariantGroup section */

/* Begin XCBuildConfiguration section */
		FA867B6C2136C4D0008470E8 /* Debug */ = {
			isa = XCBuildConfiguration;
			buildSettings = {
				ALWAYS_SEARCH_USER_PATHS = NO;
				CLANG_ANALYZER_NONNULL = YES;
				CLANG_ANALYZER_NUMBER_OBJECT_CONVERSION = YES_AGGRESSIVE;
				CLANG_CXX_LANGUAGE_STANDARD = "gnu++14";
				CLANG_CXX_LIBRARY = "libc++";
				CLANG_ENABLE_MODULES = YES;
				CLANG_ENABLE_OBJC_ARC = YES;
				CLANG_ENABLE_OBJC_WEAK = YES;
				CLANG_WARN_BLOCK_CAPTURE_AUTORELEASING = YES;
				CLANG_WARN_BOOL_CONVERSION = YES;
				CLANG_WARN_COMMA = YES;
				CLANG_WARN_CONSTANT_CONVERSION = YES;
				CLANG_WARN_DEPRECATED_OBJC_IMPLEMENTATIONS = YES;
				CLANG_WARN_DIRECT_OBJC_ISA_USAGE = YES_ERROR;
				CLANG_WARN_DOCUMENTATION_COMMENTS = YES;
				CLANG_WARN_EMPTY_BODY = YES;
				CLANG_WARN_ENUM_CONVERSION = YES;
				CLANG_WARN_INFINITE_RECURSION = YES;
				CLANG_WARN_INT_CONVERSION = YES;
				CLANG_WARN_NON_LITERAL_NULL_CONVERSION = YES;
				CLANG_WARN_OBJC_IMPLICIT_RETAIN_SELF = YES;
				CLANG_WARN_OBJC_LITERAL_CONVERSION = YES;
				CLANG_WARN_OBJC_ROOT_CLASS = YES_ERROR;
				CLANG_WARN_RANGE_LOOP_ANALYSIS = YES;
				CLANG_WARN_STRICT_PROTOTYPES = YES;
				CLANG_WARN_SUSPICIOUS_MOVE = YES;
				CLANG_WARN_UNGUARDED_AVAILABILITY = YES_AGGRESSIVE;
				CLANG_WARN_UNREACHABLE_CODE = YES;
				CLANG_WARN__DUPLICATE_METHOD_MATCH = YES;
				CODE_SIGN_IDENTITY = "iPhone Developer";
				COPY_PHASE_STRIP = NO;
				DEBUG_INFORMATION_FORMAT = dwarf;
				ENABLE_STRICT_OBJC_MSGSEND = YES;
				ENABLE_TESTABILITY = YES;
				GCC_C_LANGUAGE_STANDARD = gnu11;
				GCC_DYNAMIC_NO_PIC = NO;
				GCC_NO_COMMON_BLOCKS = YES;
				GCC_OPTIMIZATION_LEVEL = 0;
				GCC_PREPROCESSOR_DEFINITIONS = (
					"DEBUG=1",
					"$(inherited)",
				);
				GCC_WARN_64_TO_32_BIT_CONVERSION = YES;
				GCC_WARN_ABOUT_RETURN_TYPE = YES_ERROR;
				GCC_WARN_UNDECLARED_SELECTOR = YES;
				GCC_WARN_UNINITIALIZED_AUTOS = YES_AGGRESSIVE;
				GCC_WARN_UNUSED_FUNCTION = YES;
				GCC_WARN_UNUSED_VARIABLE = YES;
				IPHONEOS_DEPLOYMENT_TARGET = 11.4;
				MTL_ENABLE_DEBUG_INFO = YES;
				ONLY_ACTIVE_ARCH = YES;
				SDKROOT = iphoneos;
				SWIFT_ACTIVE_COMPILATION_CONDITIONS = DEBUG;
				SWIFT_OPTIMIZATION_LEVEL = "-Onone";
			};
			name = Debug;
		};
		FA867B6D2136C4D0008470E8 /* Release */ = {
			isa = XCBuildConfiguration;
			buildSettings = {
				ALWAYS_SEARCH_USER_PATHS = NO;
				CLANG_ANALYZER_NONNULL = YES;
				CLANG_ANALYZER_NUMBER_OBJECT_CONVERSION = YES_AGGRESSIVE;
				CLANG_CXX_LANGUAGE_STANDARD = "gnu++14";
				CLANG_CXX_LIBRARY = "libc++";
				CLANG_ENABLE_MODULES = YES;
				CLANG_ENABLE_OBJC_ARC = YES;
				CLANG_ENABLE_OBJC_WEAK = YES;
				CLANG_WARN_BLOCK_CAPTURE_AUTORELEASING = YES;
				CLANG_WARN_BOOL_CONVERSION = YES;
				CLANG_WARN_COMMA = YES;
				CLANG_WARN_CONSTANT_CONVERSION = YES;
				CLANG_WARN_DEPRECATED_OBJC_IMPLEMENTATIONS = YES;
				CLANG_WARN_DIRECT_OBJC_ISA_USAGE = YES_ERROR;
				CLANG_WARN_DOCUMENTATION_COMMENTS = YES;
				CLANG_WARN_EMPTY_BODY = YES;
				CLANG_WARN_ENUM_CONVERSION = YES;
				CLANG_WARN_INFINITE_RECURSION = YES;
				CLANG_WARN_INT_CONVERSION = YES;
				CLANG_WARN_NON_LITERAL_NULL_CONVERSION = YES;
				CLANG_WARN_OBJC_IMPLICIT_RETAIN_SELF = YES;
				CLANG_WARN_OBJC_LITERAL_CONVERSION = YES;
				CLANG_WARN_OBJC_ROOT_CLASS = YES_ERROR;
				CLANG_WARN_RANGE_LOOP_ANALYSIS = YES;
				CLANG_WARN_STRICT_PROTOTYPES = YES;
				CLANG_WARN_SUSPICIOUS_MOVE = YES;
				CLANG_WARN_UNGUARDED_AVAILABILITY = YES_AGGRESSIVE;
				CLANG_WARN_UNREACHABLE_CODE = YES;
				CLANG_WARN__DUPLICATE_METHOD_MATCH = YES;
				CODE_SIGN_IDENTITY = "iPhone Developer";
				COPY_PHASE_STRIP = NO;
				DEBUG_INFORMATION_FORMAT = "dwarf-with-dsym";
				ENABLE_NS_ASSERTIONS = NO;
				ENABLE_STRICT_OBJC_MSGSEND = YES;
				GCC_C_LANGUAGE_STANDARD = gnu11;
				GCC_NO_COMMON_BLOCKS = YES;
				GCC_WARN_64_TO_32_BIT_CONVERSION = YES;
				GCC_WARN_ABOUT_RETURN_TYPE = YES_ERROR;
				GCC_WARN_UNDECLARED_SELECTOR = YES;
				GCC_WARN_UNINITIALIZED_AUTOS = YES_AGGRESSIVE;
				GCC_WARN_UNUSED_FUNCTION = YES;
				GCC_WARN_UNUSED_VARIABLE = YES;
				IPHONEOS_DEPLOYMENT_TARGET = 11.4;
				MTL_ENABLE_DEBUG_INFO = NO;
				SDKROOT = iphoneos;
				SWIFT_COMPILATION_MODE = wholemodule;
				SWIFT_OPTIMIZATION_LEVEL = "-O";
				VALIDATE_PRODUCT = YES;
			};
			name = Release;
		};
		FA867B6F2136C4D0008470E8 /* Debug */ = {
			isa = XCBuildConfiguration;
			baseConfigurationReference = 506199091D3C392617934293 /* Pods-SwivlGithubClient.debug.xcconfig */;
			buildSettings = {
				ASSETCATALOG_COMPILER_APPICON_NAME = AppIcon;
				CODE_SIGN_STYLE = Manual;
				DEVELOPMENT_TEAM = "";
				INFOPLIST_FILE = SwivlGithubClient/Resources/Info.plist;
				IPHONEOS_DEPLOYMENT_TARGET = 10.0;
				LD_RUNPATH_SEARCH_PATHS = (
					"$(inherited)",
					"@executable_path/Frameworks",
				);
				PRODUCT_BUNDLE_IDENTIFIER = com.vitaliikraiovyi.SwivlGithubClient;
				PRODUCT_NAME = "$(TARGET_NAME)";
				PROVISIONING_PROFILE_SPECIFIER = "";
				SWIFT_VERSION = 4.0;
				TARGETED_DEVICE_FAMILY = "1,2";
			};
			name = Debug;
		};
		FA867B702136C4D0008470E8 /* Release */ = {
			isa = XCBuildConfiguration;
			baseConfigurationReference = D139048A6959423DF5CC97E5 /* Pods-SwivlGithubClient.release.xcconfig */;
			buildSettings = {
				ASSETCATALOG_COMPILER_APPICON_NAME = AppIcon;
				CODE_SIGN_STYLE = Manual;
				DEVELOPMENT_TEAM = "";
				INFOPLIST_FILE = SwivlGithubClient/Resources/Info.plist;
				IPHONEOS_DEPLOYMENT_TARGET = 10.0;
				LD_RUNPATH_SEARCH_PATHS = (
					"$(inherited)",
					"@executable_path/Frameworks",
				);
				PRODUCT_BUNDLE_IDENTIFIER = com.vitaliikraiovyi.SwivlGithubClient;
				PRODUCT_NAME = "$(TARGET_NAME)";
				PROVISIONING_PROFILE_SPECIFIER = "";
				SWIFT_VERSION = 4.0;
				TARGETED_DEVICE_FAMILY = "1,2";
			};
			name = Release;
		};
		FA867B722136C4D0008470E8 /* Debug */ = {
			isa = XCBuildConfiguration;
			buildSettings = {
				ALWAYS_EMBED_SWIFT_STANDARD_LIBRARIES = YES;
				BUNDLE_LOADER = "$(TEST_HOST)";
				CODE_SIGN_STYLE = Automatic;
				DEVELOPMENT_TEAM = S6P2T9225A;
				INFOPLIST_FILE = SwivlGithubClientTests/Info.plist;
				LD_RUNPATH_SEARCH_PATHS = (
					"$(inherited)",
					"@executable_path/Frameworks",
					"@loader_path/Frameworks",
				);
				PRODUCT_BUNDLE_IDENTIFIER = com.vitaliikraiovyi.SwivlGithubClientTests;
				PRODUCT_NAME = "$(TARGET_NAME)";
				SWIFT_VERSION = 4.0;
				TARGETED_DEVICE_FAMILY = "1,2";
				TEST_HOST = "$(BUILT_PRODUCTS_DIR)/SwivlGithubClient.app/SwivlGithubClient";
			};
			name = Debug;
		};
		FA867B732136C4D0008470E8 /* Release */ = {
			isa = XCBuildConfiguration;
			buildSettings = {
				ALWAYS_EMBED_SWIFT_STANDARD_LIBRARIES = YES;
				BUNDLE_LOADER = "$(TEST_HOST)";
				CODE_SIGN_STYLE = Automatic;
				DEVELOPMENT_TEAM = S6P2T9225A;
				INFOPLIST_FILE = SwivlGithubClientTests/Info.plist;
				LD_RUNPATH_SEARCH_PATHS = (
					"$(inherited)",
					"@executable_path/Frameworks",
					"@loader_path/Frameworks",
				);
				PRODUCT_BUNDLE_IDENTIFIER = com.vitaliikraiovyi.SwivlGithubClientTests;
				PRODUCT_NAME = "$(TARGET_NAME)";
				SWIFT_VERSION = 4.0;
				TARGETED_DEVICE_FAMILY = "1,2";
				TEST_HOST = "$(BUILT_PRODUCTS_DIR)/SwivlGithubClient.app/SwivlGithubClient";
			};
			name = Release;
		};
/* End XCBuildConfiguration section */

/* Begin XCConfigurationList section */
		FA867B4C2136C4CE008470E8 /* Build configuration list for PBXProject "SwivlGithubClient" */ = {
			isa = XCConfigurationList;
			buildConfigurations = (
				FA867B6C2136C4D0008470E8 /* Debug */,
				FA867B6D2136C4D0008470E8 /* Release */,
			);
			defaultConfigurationIsVisible = 0;
			defaultConfigurationName = Release;
		};
		FA867B6E2136C4D0008470E8 /* Build configuration list for PBXNativeTarget "SwivlGithubClient" */ = {
			isa = XCConfigurationList;
			buildConfigurations = (
				FA867B6F2136C4D0008470E8 /* Debug */,
				FA867B702136C4D0008470E8 /* Release */,
			);
			defaultConfigurationIsVisible = 0;
			defaultConfigurationName = Release;
		};
		FA867B712136C4D0008470E8 /* Build configuration list for PBXNativeTarget "SwivlGithubClientTests" */ = {
			isa = XCConfigurationList;
			buildConfigurations = (
				FA867B722136C4D0008470E8 /* Debug */,
				FA867B732136C4D0008470E8 /* Release */,
			);
			defaultConfigurationIsVisible = 0;
			defaultConfigurationName = Release;
		};
/* End XCConfigurationList section */
	};
	rootObject = FA867B492136C4CE008470E8 /* Project object */;
}
